dario.cat/mergo v1.0.1 h1:Ra4+bf83h2ztPIQYNP99R6m+Y7KfnARDfID+a+vLl4s=
dario.cat/mergo v1.0.1/go.mod h1:uNxQE+84aUszobStD9th8a29P2fMDhsBdgRYvZOxGmk=
github.com/cenkalti/backoff/v4 v4.3.0 h1:MyRJ/UdXutAwSAT+s3wNd7MfTIcy71VQueUuFK343L8=
github.com/cenkalti/backoff/v4 v4.3.0/go.mod h1:Y3VNntkOUPxTVeUxJ/G5vcM//AlwfmyYozVcomhLiZE=
github.com/coreos/go-systemd/v22 v22.5.0/go.mod h1:Y58oyj3AT4RCenI/lSvhwexgC+NSVTIJ3seZv2GcEnc=
github.com/davecgh/go-spew v1.1.1 h1:vj9j/u1bqnvCEfJOwUhtlOARqs3+rkHYY13jYWTU97c=
github.com/davecgh/go-spew v1.1.1/go.mod h1:J7Y8YcW2NihsgmVo/mv3lAwl/skON4iLHjSsI+c5H38=
github.com/equinix-labs/otel-init-go v0.0.9 h1:hdh0Qifs1vzFnaN6UpJz0pO6A6ZejXjvkEFi8OGTfpE=
github.com/equinix-labs/otel-init-go v0.0.9/go.mod h1:5h8apPuPWz/KaMvAb3d0HoPEisQrUnqPmkc2T5SSpX4=
github.com/gabriel-vasile/mimetype v1.4.6 h1:3+PzJTKLkvgjeTbts6msPJt4DixhT4YtFNf1gtGe3zc=
github.com/gabriel-vasile/mimetype v1.4.6/go.mod h1:JX1qVKqZd40hUPpAfiNTe0Sne7hdfKSbOqqmkq8GCXc=
github.com/go-logr/logr v1.2.2/go.mod h1:jdQByPbusPIv2/zmleS9BjJVeZ6kBagPoEUsqbVz/1A=
github.com/go-logr/logr v1.4.2 h1:6pFjapn8bFcIbiKo3XT4j/BhANplGihG6tvd+8rYgrY=
github.com/go-logr/logr v1.4.2/go.mod h1:9T104GzyrTigFIr8wt5mBrctHMim0Nb2HLGrmQ40KvY=
github.com/go-logr/stdr v1.2.2 h1:hSWxHoqTgW2S2qGc0LTAI563KZ5YKYRhT3MFKZMbjag=
github.com/go-logr/stdr v1.2.2/go.mod h1:mMo/vtBO5dYbehREoey6XUKy/eSumjCCveDpRre4VKE=
github.com/go-logr/zerologr v1.2.3 h1:up5N9vcH9Xck3jJkXzgyOxozT14R47IyDODz8LM1KSs=
github.com/go-logr/zerologr v1.2.3/go.mod h1:BxwGo7y5zgSHYR1BjbnHPyF/5ZjVKfKxAZANVu6E8Ho=
github.com/go-playground/assert/v2 v2.2.0 h1:JvknZsQTYeFEAhQwI4qEt9cyV5ONwRHC+lYKSsYSR8s=
github.com/go-playground/assert/v2 v2.2.0/go.mod h1:VDjEfimB/XKnb+ZQfWdccd7VUvScMdVu0Titje2rxJ4=
github.com/go-playground/locales v0.14.1 h1:EWaQ/wswjilfKLTECiXz7Rh+3BjFhfDFKv/oXslEjJA=
github.com/go-playground/locales v0.14.1/go.mod h1:hxrqLVvrK65+Rwrd5Fc6F2O76J/NuW9t0sjnWqG1slY=
github.com/go-playground/universal-translator v0.18.1 h1:Bcnm0ZwsGyWbCzImXv+pAJnYK9S473LQFuzCbDbfSFY=
github.com/go-playground/universal-translator v0.18.1/go.mod h1:xekY+UJKNuX9WP91TpwSH2VMlDf28Uj24BCp08ZFTUY=
github.com/go-playground/validator/v10 v10.22.1 h1:40JcKH+bBNGFczGuoBYgX4I6m/i27HYW8P9FDk5PbgA=
github.com/go-playground/validator/v10 v10.22.1/go.mod h1:dbuPbCMFw/DrkbEynArYaCwl3amGuJotoKCe95atGMM=
github.com/godbus/dbus/v5 v5.0.4/go.mod h1:xhWf0FNVPg57R7Z0UbKHbJfkEywrmjJnf7w5xrFpKfA=
github.com/golang/protobuf v1.5.4 h1:i7eJL8qZTpSEXOPTxNKhASYpMn+8e5Q6AdndVa1dWek=
github.com/golang/protobuf v1.5.4/go.mod h1:lnTiLA8Wa4RWRcIUkrtSVa5nRhsEGBg48fD6rSs7xps=
github.com/google/go-cmp v0.6.0 h1:ofyhxvXcZhMsU5ulbFiLKl/XBFqE1GSq7atu8tAmTRI=
github.com/google/go-cmp v0.6.0/go.mod h1:17dUlkBOakJ0+DkrSSNjCkIjxS6bF9zb3elmeNGIjoY=
github.com/google/uuid v1.6.0 h1:NIvaJDMOsjHA8n1jAhLSgzrAzy1Hgr+hNrb57e+94F0=
github.com/google/uuid v1.6.0/go.mod h1:TIyPZe4MgqvfeYDBFedMoGGpEw/LqOeaOT+nhxU+yHo=
github.com/grpc-ecosystem/grpc-gateway/v2 v2.23.0 h1:ad0vkEBuk23VJzZR9nkLVG0YAoN9coASF1GusYX6AlU=
github.com/grpc-ecosystem/grpc-gateway/v2 v2.23.0/go.mod h1:igFoXX2ELCW06bol23DWPB5BEWfZISOzSP5K2sbLea0=
github.com/leodido/go-urn v1.4.0 h1:WT9HwE9SGECu3lg4d/dIA+jxlljEa1/ffXKmRjqdmIQ=
github.com/leodido/go-urn v1.4.0/go.mod h1:bvxc+MVxLKB4z00jd1z+Dvzr47oO32F/QSNjSBOlFxI=
github.com/mattn/go-colorable v0.1.13 h1:fFA4WZxdEF4tXPZVKMLwD8oUnCTTo08duU7wxecdEvA=
github.com/mattn/go-colorable v0.1.13/go.mod h1:7S9/ev0klgBDR4GtXTXX8a3vIGJpMovkB8vQcUbaXHg=
github.com/mattn/go-isatty v0.0.16/go.mod h1:kYGgaQfpe5nmfYZH+SKPsOc2e4SrIfOl2e/yFXSvRLM=
github.com/mattn/go-isatty v0.0.19/go.mod h1:W+V8PltTTMOvKvAeJH7IuucS94S2C6jfK/D7dTCTo3Y=
github.com/mattn/go-isatty v0.0.20 h1:xfD0iDuEKnDkl03q4limB+vH+GxLEtL/jb4xVJSWWEY=
github.com/mattn/go-isatty v0.0.20/go.mod h1:W+V8PltTTMOvKvAeJH7IuucS94S2C6jfK/D7dTCTo3Y=
github.com/peterbourgon/ff/v3 v3.4.0 h1:QBvM/rizZM1cB0p0lGMdmR7HxZeI/ZrBWB4DqLkMUBc=
github.com/peterbourgon/ff/v3 v3.4.0/go.mod h1:zjJVUhx+twciwfDl0zBcFzl4dW8axCRyXE/eKY9RztQ=
github.com/phayes/freeport v0.0.0-20220201140144-74d24b5ae9f5 h1:Ii+DKncOVM8Cu1Hc+ETb5K+23HdAMvESYE3ZJ5b5cMI=
github.com/phayes/freeport v0.0.0-20220201140144-74d24b5ae9f5/go.mod h1:iIss55rKnNBTvrwdmkUpLnDpZoAHvWaiq5+iMmen4AE=
github.com/pin/tftp/v3 v3.1.0 h1:rQaxd4pGwcAJnpId8zC+O2NX3B2/NscjDZQaqEjuE7c=
github.com/pin/tftp/v3 v3.1.0/go.mod h1:xwQaN4viYL019tM4i8iecm++5cGxSqen6AJEOEyEI0w=
github.com/pkg/errors v0.9.1/go.mod h1:bwawxfHBFNV+L2hUp1rHADufV3IMtnDRdf1r5NINEl0=
github.com/pmezard/go-difflib v1.0.0 h1:4DBwDE0NGyQoBHbLQYPwSUPoCMWR5BEzIk/f1lZbAQM=
github.com/pmezard/go-difflib v1.0.0/go.mod h1:iKH77koFhYxTK1pcRnkKkqfTogsbg7gZNVY4sRDYZ/4=
github.com/rs/xid v1.5.0/go.mod h1:trrq9SKmegXys3aeAKXMUTdJsYXVwGY3RLcfgqegfbg=
github.com/rs/zerolog v1.33.0 h1:1cU2KZkvPxNyfgEmhHAz/1A9Bz+llsdYzklWFzgp0r8=
github.com/rs/zerolog v1.33.0/go.mod h1:/7mN4D5sKwJLZQ2b/znpjC3/GQWY/xaDXUM0kKWRHss=
github.com/stretchr/testify v1.9.0 h1:HtqpIVDClZ4nwg75+f6Lvsy/wHu+3BoSGCbBAcpTsTg=
github.com/stretchr/testify v1.9.0/go.mod h1:r2ic/lqez/lEtzL7wO/rwa5dbSLXVDPFyf8C91i36aY=
go.opentelemetry.io/otel v1.31.0 h1:NsJcKPIW0D0H3NgzPDHmo0WW6SptzPdqg/L1zsIm2hY=
go.opentelemetry.io/otel v1.31.0/go.mod h1:O0C14Yl9FgkjqcCZAsE053C13OaddMYr/hz6clDkEJE=
go.opentelemetry.io/otel/exporters/otlp/otlptrace v1.31.0 h1:K0XaT3DwHAcV4nKLzcQvwAgSyisUghWoY20I7huthMk=
go.opentelemetry.io/otel/exporters/otlp/otlptrace v1.31.0/go.mod h1:B5Ki776z/MBnVha1Nzwp5arlzBbE3+1jk+pGmaP5HME=
go.opentelemetry.io/otel/exporters/otlp/otlptrace/otlptracegrpc v1.31.0 h1:FFeLy03iVTXP6ffeN2iXrxfGsZGCjVx0/4KlizjyBwU=
go.opentelemetry.io/otel/exporters/otlp/otlptrace/otlptracegrpc v1.31.0/go.mod h1:TMu73/k1CP8nBUpDLc71Wj/Kf7ZS9FK5b53VapRsP9o=
go.opentelemetry.io/otel/metric v1.31.0 h1:FSErL0ATQAmYHUIzSezZibnyVlft1ybhy4ozRPcF2fE=
go.opentelemetry.io/otel/metric v1.31.0/go.mod h1:C3dEloVbLuYoX41KpmAhOqNriGbA+qqH6PQ5E5mUfnY=
go.opentelemetry.io/otel/sdk v1.31.0 h1:xLY3abVHYZ5HSfOg3l2E5LUj2Cwva5Y7yGxnSW9H5Gk=
go.opentelemetry.io/otel/sdk v1.31.0/go.mod h1:TfRbMdhvxIIr/B2N2LQW2S5v9m3gOQ/08KsbbO5BPT0=
go.opentelemetry.io/otel/trace v1.31.0 h1:ffjsj1aRouKewfr85U2aGagJ46+MvodynlQ1HYdmJys=
go.opentelemetry.io/otel/trace v1.31.0/go.mod h1:TXZkRk7SM2ZQLtR6eoAWQFIHPvzQ06FJAsO1tJg480A=
go.opentelemetry.io/proto/otlp v1.3.1 h1:TrMUixzpM0yuc/znrFTP9MMRh8trP93mkCiDVeXrui0=
go.opentelemetry.io/proto/otlp v1.3.1/go.mod h1:0X1WI4de4ZsLrrJNLAQbFeLCm3T7yBkR0XqQ7niQU+8=
go.uber.org/goleak v1.3.0 h1:2K3zAYmnTNqV73imy9J1T3WC+gmCePx2hEGkimedGto=
go.uber.org/goleak v1.3.0/go.mod h1:CoHD4mav9JJNrW/WLlf7HGZPjdw8EucARQHekz1X6bE=
golang.org/x/crypto v0.0.0-20190308221718-c2843e01d9a2/go.mod h1:djNgcEr1/C05ACkg1iLfiJU5Ep61QUkGW8qpdssI0+w=
golang.org/x/crypto v0.31.0 h1:ihbySMvVjLAeSH1IbfcRTkD/iNscyz8rGzjF/E5hV6U=
golang.org/x/crypto v0.31.0/go.mod h1:kDsLvtWBEx7MV9tJOj9bnXsPbxwJQ6csT/x4KIN4Ssk=
golang.org/x/net v0.0.0-20200202094626-16171245cfb2/go.mod h1:z5CRVTTTmAJ677TzLLGU+0bjPO0LkuOLi4/5GtJWs/s=
golang.org/x/net v0.33.0 h1:74SYHlV8BIgHIFC/LrYkOGIwL19eTYXQ5wc6TBuO36I=
golang.org/x/net v0.33.0/go.mod h1:HXLR5J+9DxmrqMwG9qjGCxZ+zKXxBru04zlTvWlWuN4=
golang.org/x/sync v0.10.0 h1:3NQrjDixjgGwUOCaF8w2+VYHv0Ve/vGYSbdkTa98gmQ=
golang.org/x/sync v0.10.0/go.mod h1:Czt+wKu1gCyEFDUtn0jG5QVvpJ6rzVqr5aXyt9drQfk=
golang.org/x/sys v0.0.0-20190215142949-d0b11bdaac8a/go.mod h1:STP8DvDyc/dI5b8T5hshtkjS+E42TnysNCUPdjciGhY=
golang.org/x/sys v0.0.0-20220811171246-fbc7d0a398ab/go.mod h1:oPkhp1MJrh7nUepCBck5+mAzfO9JrbApNNgaTdGDITg=
golang.org/x/sys v0.6.0/go.mod h1:oPkhp1MJrh7nUepCBck5+mAzfO9JrbApNNgaTdGDITg=
golang.org/x/sys v0.12.0/go.mod h1:oPkhp1MJrh7nUepCBck5+mAzfO9JrbApNNgaTdGDITg=
golang.org/x/sys v0.28.0 h1:Fksou7UEQUWlKvIdsqzJmUmCX3cZuD2+P3XyyzwMhlA=
golang.org/x/sys v0.28.0/go.mod h1:/VUhepiaJMQUp4+oa/7Zr1D23ma6VTLIYjOOTFZPUcA=
golang.org/x/text v0.3.0/go.mod h1:NqM8EUOU14njkJ3fqMW+pc6Ldnwhi/IjpwHt7yyuwOQ=
golang.org/x/text v0.21.0 h1:zyQAAkrwaneQ066sspRyJaG9VNi/YJ1NfzcGB3hZ/qo=
golang.org/x/text v0.21.0/go.mod h1:4IBbMaMmOPCJ8SecivzSH54+73PCFmPWxNTLm+vZkEQ=
google.golang.org/genproto/googleapis/api v0.0.0-20241104194629-dd2ea8efbc28 h1:M0KvPgPmDZHPlbRbaNU1APr28TvwvvdUPlSv7PUvy8g=
google.golang.org/genproto/googleapis/api v0.0.0-20241104194629-dd2ea8efbc28/go.mod h1:dguCy7UOdZhTvLzDyt15+rOrawrpM4q7DD9dQ1P11P4=
google.golang.org/genproto/googleapis/rpc v0.0.0-20241104194629-dd2ea8efbc28 h1:XVhgTWWV3kGQlwJHR3upFWZeTsei6Oks1apkZSeonIE=
google.golang.org/genproto/googleapis/rpc v0.0.0-20241104194629-dd2ea8efbc28/go.mod h1:GX3210XPVPUjJbTUbvwI8f2IpZDMZuPJWDzDuebbviI=
google.golang.org/grpc v1.68.0 h1:aHQeeJbo8zAkAa3pRzrVjZlbz6uSfeOXlJNQM0RAbz0=
google.golang.org/grpc v1.68.0/go.mod h1:fmSPC5AsjSBCK54MyHRx48kpOti1/jRfOlwEWywNjWA=
google.golang.org/protobuf v1.35.1 h1:m3LfL6/Ca+fqnjnlqQXNpFPABW1UD7mjh8KO2mKFytA=
google.golang.org/protobuf v1.35.1/go.mod h1:9fA7Ob0pmnwhb644+1+CVWFRbNajQ6iRojtC/QF5bRE=
gopkg.in/check.v1 v0.0.0-20161208181325-20d25e280405/go.mod h1:Co6ibVJAznAaIkqp8huTwlJQCZ016jof/cbN4VW5Yz0=
gopkg.in/yaml.v3 v3.0.1 h1:fxVm/GzAzEWqLHuvctI91KS9hhNmmWOoWu0XTYJS7CA=
gopkg.in/yaml.v3 v3.0.1/go.mod h1:K4uyk7z7BCEPqu6E+C64Yfv1cQ7kz7rIZviUmN+EgEM=
