dario.cat/mergo v1.0.0 h1:AGCNq9Evsj31mOgNPcLyXc+4PNABt905YmuqPYYpBWk=
dario.cat/mergo v1.0.0/go.mod h1:uNxQE+84aUszobStD9th8a29P2fMDhsBdgRYvZOxGmk=
github.com/cenkalti/backoff/v4 v4.2.1 h1:y4OZtCnogmCPw98Zjyt5a6+QwPLGkiQsYW5oUqylYbM=
github.com/cenkalti/backoff/v4 v4.2.1/go.mod h1:Y3VNntkOUPxTVeUxJ/G5vcM//AlwfmyYozVcomhLiZE=
github.com/coreos/go-systemd/v22 v22.5.0/go.mod h1:Y58oyj3AT4RCenI/lSvhwexgC+NSVTIJ3seZv2GcEnc=
github.com/davecgh/go-spew v1.1.1 h1:vj9j/u1bqnvCEfJOwUhtlOARqs3+rkHYY13jYWTU97c=
github.com/equinix-labs/otel-init-go v0.0.9 h1:hdh0Qifs1vzFnaN6UpJz0pO6A6ZejXjvkEFi8OGTfpE=
github.com/equinix-labs/otel-init-go v0.0.9/go.mod h1:5h8apPuPWz/KaMvAb3d0HoPEisQrUnqPmkc2T5SSpX4=
github.com/gabriel-vasile/mimetype v1.4.3 h1:in2uUcidCuFcDKtdcBxlR0rJ1+fsokWf+uqxgUFjbI0=
github.com/gabriel-vasile/mimetype v1.4.3/go.mod h1:d8uq/6HKRL6CGdk+aubisF/M5GcPfT7nKyLpA0lbSSk=
github.com/go-logr/logr v1.2.2/go.mod h1:jdQByPbusPIv2/zmleS9BjJVeZ6kBagPoEUsqbVz/1A=
github.com/go-logr/logr v1.4.2 h1:6pFjapn8bFcIbiKo3XT4j/BhANplGihG6tvd+8rYgrY=
github.com/go-logr/logr v1.4.2/go.mod h1:9T104GzyrTigFIr8wt5mBrctHMim0Nb2HLGrmQ40KvY=
github.com/go-logr/stdr v1.2.2 h1:hSWxHoqTgW2S2qGc0LTAI563KZ5YKYRhT3MFKZMbjag=
github.com/go-logr/stdr v1.2.2/go.mod h1:mMo/vtBO5dYbehREoey6XUKy/eSumjCCveDpRre4VKE=
github.com/go-logr/zerologr v1.2.3 h1:up5N9vcH9Xck3jJkXzgyOxozT14R47IyDODz8LM1KSs=
github.com/go-logr/zerologr v1.2.3/go.mod h1:BxwGo7y5zgSHYR1BjbnHPyF/5ZjVKfKxAZANVu6E8Ho=
github.com/go-playground/assert/v2 v2.2.0 h1:JvknZsQTYeFEAhQwI4qEt9cyV5ONwRHC+lYKSsYSR8s=
github.com/go-playground/locales v0.14.1 h1:EWaQ/wswjilfKLTECiXz7Rh+3BjFhfDFKv/oXslEjJA=
github.com/go-playground/locales v0.14.1/go.mod h1:hxrqLVvrK65+Rwrd5Fc6F2O76J/NuW9t0sjnWqG1slY=
github.com/go-playground/universal-translator v0.18.1 h1:Bcnm0ZwsGyWbCzImXv+pAJnYK9S473LQFuzCbDbfSFY=
github.com/go-playground/universal-translator v0.18.1/go.mod h1:xekY+UJKNuX9WP91TpwSH2VMlDf28Uj24BCp08ZFTUY=
github.com/go-playground/validator/v10 v10.22.0 h1:k6HsTZ0sTnROkhS//R0O+55JgM8C4Bx7ia+JlgcnOao=
github.com/go-playground/validator/v10 v10.22.0/go.mod h1:dbuPbCMFw/DrkbEynArYaCwl3amGuJotoKCe95atGMM=
github.com/godbus/dbus/v5 v5.0.4/go.mod h1:xhWf0FNVPg57R7Z0UbKHbJfkEywrmjJnf7w5xrFpKfA=
github.com/golang/protobuf v1.5.0/go.mod h1:FsONVRAS9T7sI+LIUmWTfcYkHO4aIWwzhcaSAoJOfIk=
github.com/golang/protobuf v1.5.3 h1:KhyjKVUg7Usr/dYsdSqoFveMYd5ko72D+zANwlG1mmg=
github.com/golang/protobuf v1.5.3/go.mod h1:XVQd3VNwM+JqD3oG2Ue2ip4fOMUkwXdXDdiuN0vRsmY=
github.com/google/go-cmp v0.5.5/go.mod h1:v8dTdLbMG2kIc/vJvl+f65V22dbkXbowE6jgT/gNBxE=
github.com/google/go-cmp v0.6.0 h1:ofyhxvXcZhMsU5ulbFiLKl/XBFqE1GSq7atu8tAmTRI=
github.com/google/go-cmp v0.6.0/go.mod h1:17dUlkBOakJ0+DkrSSNjCkIjxS6bF9zb3elmeNGIjoY=
github.com/grpc-ecosystem/grpc-gateway/v2 v2.18.1 h1:6UKoz5ujsI55KNpsJH3UwCq3T8kKbZwNZBNPuTTje8U=
github.com/grpc-ecosystem/grpc-gateway/v2 v2.18.1/go.mod h1:YvJ2f6MplWDhfxiUC3KpyTy76kYUZA4W3pTv/wdKQ9Y=
github.com/leodido/go-urn v1.4.0 h1:WT9HwE9SGECu3lg4d/dIA+jxlljEa1/ffXKmRjqdmIQ=
github.com/leodido/go-urn v1.4.0/go.mod h1:bvxc+MVxLKB4z00jd1z+Dvzr47oO32F/QSNjSBOlFxI=
github.com/mattn/go-colorable v0.1.13 h1:fFA4WZxdEF4tXPZVKMLwD8oUnCTTo08duU7wxecdEvA=
github.com/mattn/go-colorable v0.1.13/go.mod h1:7S9/ev0klgBDR4GtXTXX8a3vIGJpMovkB8vQcUbaXHg=
github.com/mattn/go-isatty v0.0.16/go.mod h1:kYGgaQfpe5nmfYZH+SKPsOc2e4SrIfOl2e/yFXSvRLM=
github.com/mattn/go-isatty v0.0.19/go.mod h1:W+V8PltTTMOvKvAeJH7IuucS94S2C6jfK/D7dTCTo3Y=
github.com/mattn/go-isatty v0.0.20 h1:xfD0iDuEKnDkl03q4limB+vH+GxLEtL/jb4xVJSWWEY=
github.com/mattn/go-isatty v0.0.20/go.mod h1:W+V8PltTTMOvKvAeJH7IuucS94S2C6jfK/D7dTCTo3Y=
github.com/peterbourgon/ff/v3 v3.4.0 h1:QBvM/rizZM1cB0p0lGMdmR7HxZeI/ZrBWB4DqLkMUBc=
github.com/peterbourgon/ff/v3 v3.4.0/go.mod h1:zjJVUhx+twciwfDl0zBcFzl4dW8axCRyXE/eKY9RztQ=
github.com/phayes/freeport v0.0.0-20220201140144-74d24b5ae9f5 h1:Ii+DKncOVM8Cu1Hc+ETb5K+23HdAMvESYE3ZJ5b5cMI=
github.com/phayes/freeport v0.0.0-20220201140144-74d24b5ae9f5/go.mod h1:iIss55rKnNBTvrwdmkUpLnDpZoAHvWaiq5+iMmen4AE=
github.com/pin/tftp/v3 v3.1.0 h1:rQaxd4pGwcAJnpId8zC+O2NX3B2/NscjDZQaqEjuE7c=
github.com/pin/tftp/v3 v3.1.0/go.mod h1:xwQaN4viYL019tM4i8iecm++5cGxSqen6AJEOEyEI0w=
github.com/pkg/errors v0.9.1/go.mod h1:bwawxfHBFNV+L2hUp1rHADufV3IMtnDRdf1r5NINEl0=
github.com/pmezard/go-difflib v1.0.0 h1:4DBwDE0NGyQoBHbLQYPwSUPoCMWR5BEzIk/f1lZbAQM=
github.com/rs/xid v1.5.0/go.mod h1:trrq9SKmegXys3aeAKXMUTdJsYXVwGY3RLcfgqegfbg=
github.com/rs/zerolog v1.33.0 h1:1cU2KZkvPxNyfgEmhHAz/1A9Bz+llsdYzklWFzgp0r8=
github.com/rs/zerolog v1.33.0/go.mod h1:/7mN4D5sKwJLZQ2b/znpjC3/GQWY/xaDXUM0kKWRHss=
github.com/stretchr/testify v1.8.4 h1:CcVxjf3Q8PM0mHUKJCdn+eZZtm5yQwehR5yeSVQQcUk=
go.opentelemetry.io/otel v1.24.0 h1:0LAOdjNmQeSTzGBzduGe/rU4tZhMwL5rWgtp9Ku5Jfo=
go.opentelemetry.io/otel v1.24.0/go.mod h1:W7b9Ozg4nkF5tWI5zsXkaKKDjdVjpD4oAt9Qi/MArHo=
go.opentelemetry.io/otel/exporters/otlp/otlptrace v1.21.0 h1:cl5P5/GIfFh4t6xyruOgJP5QiA1pw4fYYdv6nc6CBWw=
go.opentelemetry.io/otel/exporters/otlp/otlptrace v1.21.0/go.mod h1:zgBdWWAu7oEEMC06MMKc5NLbA/1YDXV1sMpSqEeLQLg=
go.opentelemetry.io/otel/exporters/otlp/otlptrace/otlptracegrpc v1.21.0 h1:tIqheXEFWAZ7O8A7m+J0aPTmpJN3YQ7qetUAdkkkKpk=
go.opentelemetry.io/otel/exporters/otlp/otlptrace/otlptracegrpc v1.21.0/go.mod h1:nUeKExfxAQVbiVFn32YXpXZZHZ61Cc3s3Rn1pDBGAb0=
go.opentelemetry.io/otel/metric v1.24.0 h1:6EhoGWWK28x1fbpA4tYTOWBkPefTDQnb8WSGXlc88kI=
go.opentelemetry.io/otel/metric v1.24.0/go.mod h1:VYhLe1rFfxuTXLgj4CBiyz+9WYBA8pNGJgDcSFRKBco=
go.opentelemetry.io/otel/sdk v1.21.0 h1:FTt8qirL1EysG6sTQRZ5TokkU8d0ugCj8htOgThZXQ8=
go.opentelemetry.io/otel/sdk v1.21.0/go.mod h1:Nna6Yv7PWTdgJHVRD9hIYywQBRx7pbox6nwBnZIxl/E=
go.opentelemetry.io/otel/trace v1.24.0 h1:CsKnnL4dUAr/0llH9FKuc698G04IrpWV0MQA/Y1YELI=
go.opentelemetry.io/otel/trace v1.24.0/go.mod h1:HPc3Xr/cOApsBI154IU0OI0HJexz+aw5uPdbs3UCjNU=
go.opentelemetry.io/proto/otlp v1.0.0 h1:T0TX0tmXU8a3CbNXzEKGeU5mIVOdf0oykP+u2lIVU/I=
go.opentelemetry.io/proto/otlp v1.0.0/go.mod h1:Sy6pihPLfYHkr3NkUbEhGHFhINUSI/v80hjKIs5JXpM=
go.uber.org/goleak v1.3.0 h1:2K3zAYmnTNqV73imy9J1T3WC+gmCePx2hEGkimedGto=
golang.org/x/crypto v0.0.0-20190308221718-c2843e01d9a2/go.mod h1:djNgcEr1/C05ACkg1iLfiJU5Ep61QUkGW8qpdssI0+w=
golang.org/x/crypto v0.21.0 h1:X31++rzVUdKhX5sWmSOFZxx8UW/ldWx55cbf08iNAMA=
golang.org/x/crypto v0.21.0/go.mod h1:0BP7YvVV9gBbVKyeTG0Gyn+gZm94bibOW5BjDEYAOMs=
golang.org/x/net v0.0.0-20200202094626-16171245cfb2/go.mod h1:z5CRVTTTmAJ677TzLLGU+0bjPO0LkuOLi4/5GtJWs/s=
golang.org/x/net v0.23.0 h1:7EYJ93RZ9vYSZAIb2x3lnuvqO5zneoD6IvWjuhfxjTs=
golang.org/x/net v0.23.0/go.mod h1:JKghWKKOSdJwpW2GEx0Ja7fmaKnMsbu+MWVZTokSYmg=
golang.org/x/sync v0.7.0 h1:YsImfSBoP9QPYL0xyKJPq0gcaJdG3rInoqxTWbfQu9M=
golang.org/x/sync v0.7.0/go.mod h1:Czt+wKu1gCyEFDUtn0jG5QVvpJ6rzVqr5aXyt9drQfk=
golang.org/x/sys v0.0.0-20190215142949-d0b11bdaac8a/go.mod h1:STP8DvDyc/dI5b8T5hshtkjS+E42TnysNCUPdjciGhY=
golang.org/x/sys v0.0.0-20220811171246-fbc7d0a398ab/go.mod h1:oPkhp1MJrh7nUepCBck5+mAzfO9JrbApNNgaTdGDITg=
golang.org/x/sys v0.6.0/go.mod h1:oPkhp1MJrh7nUepCBck5+mAzfO9JrbApNNgaTdGDITg=
golang.org/x/sys v0.12.0/go.mod h1:oPkhp1MJrh7nUepCBck5+mAzfO9JrbApNNgaTdGDITg=
golang.org/x/sys v0.18.0 h1:DBdB3niSjOA/O0blCZBqDefyWNYveAYMNF1Wum0DYQ4=
golang.org/x/sys v0.18.0/go.mod h1:/VUhepiaJMQUp4+oa/7Zr1D23ma6VTLIYjOOTFZPUcA=
golang.org/x/text v0.3.0/go.mod h1:NqM8EUOU14njkJ3fqMW+pc6Ldnwhi/IjpwHt7yyuwOQ=
golang.org/x/text v0.14.0 h1:ScX5w1eTa3QqT8oi6+ziP7dTV1S2+ALU0bI+0zXKWiQ=
golang.org/x/text v0.14.0/go.mod h1:18ZOQIKpY8NJVqYksKHtTdi31H5itFRjB5/qKTNYzSU=
golang.org/x/xerrors v0.0.0-20191204190536-9bdfabe68543/go.mod h1:I/5z698sn9Ka8TeJc9MKroUUfqBBauWjQqLJ2OPfmY0=
google.golang.org/genproto v0.0.0-20231106174013-bbf56f31fb17 h1:wpZ8pe2x1Q3f2KyT5f8oP/fa9rHAKgFPr/HZdNuS+PQ=
google.golang.org/genproto/googleapis/api v0.0.0-20231120223509-83a465c0220f h1:2yNACc1O40tTnrsbk9Cv6oxiW8pxI/pXj0wRtdlYmgY=
google.golang.org/genproto/googleapis/api v0.0.0-20231120223509-83a465c0220f/go.mod h1:Uy9bTZJqmfrw2rIBxgGLnamc78euZULUBrLZ9XTITKI=
google.golang.org/genproto/googleapis/rpc v0.0.0-20231120223509-83a465c0220f h1:ultW7fxlIvee4HYrtnaRPon9HpEgFk5zYpmfMgtKB5I=
google.golang.org/genproto/googleapis/rpc v0.0.0-20231120223509-83a465c0220f/go.mod h1:L9KNLi232K1/xB6f7AlSX692koaRnKaWSR0stBki0Yc=
google.golang.org/grpc v1.59.0 h1:Z5Iec2pjwb+LEOqzpB2MR12/eKFhDPhuqW91O+4bwUk=
google.golang.org/grpc v1.59.0/go.mod h1:aUPDwccQo6OTjy7Hct4AfBPD1GptF4fyUjIkQ9YtF98=
google.golang.org/protobuf v1.26.0-rc.1/go.mod h1:jlhhOSvTdKEhbULTjvd4ARK9grFBp09yW+WbY/TyQbw=
google.golang.org/protobuf v1.26.0/go.mod h1:9q0QmTI4eRPtz6boOQmLYwt+qCgq0jsYwAQnmE0givc=
google.golang.org/protobuf v1.33.0 h1:uNO2rsAINq/JlFpSdYEKIZ0uKD/R9cpdv0T+yoGwGmI=
google.golang.org/protobuf v1.33.0/go.mod h1:c6P6GXX6sHbq/GpV6MGZEdwhWPcYBgnhAHhKbcUYpos=
gopkg.in/check.v1 v0.0.0-20161208181325-20d25e280405/go.mod h1:Co6ibVJAznAaIkqp8huTwlJQCZ016jof/cbN4VW5Yz0=
gopkg.in/yaml.v3 v3.0.1 h1:fxVm/GzAzEWqLHuvctI91KS9hhNmmWOoWu0XTYJS7CA=
gopkg.in/yaml.v3 v3.0.1/go.mod h1:K4uyk7z7BCEPqu6E+C64Yfv1cQ7kz7rIZviUmN+EgEM=
